
Microsoft Visual Studio Solution File, Format Version 12.00
# Visual Studio Version 17
VisualStudioVersion = 17.7.34221.43
MinimumVisualStudioVersion = 10.0.40219.1
Project("{FAE04EC0-301F-11D3-BF4B-00C04F79EFBC}") = "Lab4", "Lab4\Lab4.csproj", "{AE87B6FD-5DEB-46D0-B766-921D41A1E254}"
EndProject
Global
	GlobalSection(SolutionConfigurationPlatforms) = preSolution
		Debug|Any CPU = Debug|Any CPU
		Release|Any CPU = Release|Any CPU
	EndGlobalSection
	GlobalSection(ProjectConfigurationPlatforms) = postSolution
		{AE87B6FD-5DEB-46D0-B766-921D41A1E254}.Debug|Any CPU.ActiveCfg = Debug|Any CPU
		{AE87B6FD-5DEB-46D0-B766-921D41A1E254}.Debug|Any CPU.Build.0 = Debug|Any CPU
		{AE87B6FD-5DEB-46D0-B766-921D41A1E254}.Release|Any CPU.ActiveCfg = Release|Any CPU
		{AE87B6FD-5DEB-46D0-B766-921D41A1E254}.Release|Any CPU.Build.0 = Release|Any CPU
	EndGlobalSection
	GlobalSection(SolutionProperties) = preSolution
		HideSolutionNode = FALSE
	EndGlobalSection
	GlobalSection(ExtensibilityGlobals) = postSolution
		SolutionGuid = {23D32E5F-D0A6-4EF3-8F8A-145DDF53A29B}
	EndGlobalSection
EndGlobal
